{
  "version": "2",
  "dependencies": {
    "libdeps/uno/SlowSoftI2CMaster": {
      "name": "SlowSoftI2CMaster",
      "manifest": {
        "type": "library",
        "version": "1.0.0",
        "spec": {
          "owner": "felias-fogg",
          "name": "SlowSoftI2CMaster",
          "id": 7005,
          "requirements": null,
          "uri": null
        },
        "name": "SlowSoftI2CMaster"
      },
      "src": {
        "universal": {
          "url": "https://dl.registry.platformio.org/download/felias-fogg/library/SlowSoftI2CMaster/1.0.0/SlowSoftI2CMaster-1.0.0.tar.gz",
          "hash": "sha256-DVPlZAOtAd0/zMgiKk76A0pGyI2MHGSbZsgvJAjt/bY="
        }
      }
    },
    "libdeps/uno/SlowSoftWire": {
      "name": "SlowSoftWire",
      "manifest": {
        "type": "library",
        "version": "0.0.0+20250201135053",
        "spec": {
          "name": "SlowSoftWire",
          "uri": "https://github.com/felias-fogg/SlowSoftWire/archive/f34d777f39.zip",
          "id": null,
          "owner": null,
          "requirements": null
        },
        "name": "SlowSoftWire"
      },
      "src": {
        "universal": {
          "url": "https://github.com/felias-fogg/SlowSoftWire/archive/f34d777f39.zip",
          "hash": "sha256-FhoHDjfPYRlWeJZig5cz12iPYbL6j0bEivR1+qNmXLc="
        }
      }
    },
    "packages/framework-arduino-avr": {
      "name": "framework-arduino-avr",
      "manifest": {
        "type": "tool",
        "version": "5.2.0",
        "spec": {
          "owner": "platformio",
          "name": "framework-arduino-avr",
          "id": 8039,
          "requirements": null,
          "uri": null
        },
        "name": "framework-arduino-avr"
      },
      "src": {
        "universal": {
          "url": "https://dl.registry.platformio.org/download/platformio/tool/framework-arduino-avr/5.2.0/framework-arduino-avr-5.2.0.tar.gz",
          "hash": "sha256-caP+gsutiVwQ2oCsd/guUMdxsR26Iabi+dIbxTr0ARY="
        }
      }
    },
    "packages/tool-scons": {
      "name": "tool-scons",
      "manifest": {
        "type": "tool",
        "version": "4.40700.0",
        "spec": {
          "owner": "platformio",
          "name": "tool-scons",
          "id": 8192,
          "requirements": null,
          "uri": null
        },
        "name": "tool-scons"
      },
      "src": {
        "universal": {
          "url": "https://dl.registry.platformio.org/download/platformio/tool/tool-scons/4.40700.0/tool-scons-4.40700.0.tar.gz",
          "hash": "sha256-AtWAJ9UsR99TNBJ6rb6YZvp+Ega/IZIGb4mx/qIP2VM="
        }
      }
    },
    "packages/toolchain-atmelavr": {
      "name": "toolchain-atmelavr",
      "manifest": {
        "type": "tool",
        "version": "1.70300.191015",
        "spec": {
          "owner": "platformio",
          "name": "toolchain-atmelavr",
          "id": 8203,
          "requirements": null,
          "uri": null
        },
        "name": "toolchain-atmelavr"
      },
      "src": {
        "systems": {
          "aarch64-linux": {
            "url": "https://dl.registry.platformio.org/download/platformio/tool/toolchain-atmelavr/1.70300.191015/toolchain-atmelavr-linux_aarch64-1.70300.191015.tar.gz",
            "hash": "sha256-N/UfxyaclS175uiH9lyyYw9yeO5c7LwZ4CAD2JXp0zQ="
          },
          "aarch64-darwin": {
            "url": "https://dl.registry.platformio.org/download/platformio/tool/toolchain-atmelavr/1.70300.191015/toolchain-atmelavr-darwin_x86_64-1.70300.191015.tar.gz",
            "hash": "sha256-ZbvIZjFjRU9nj5WSqnRdLvfjvphlS1kIMAmvVmSKBvI="
          },
          "x86_64-linux": {
            "url": "https://dl.registry.platformio.org/download/platformio/tool/toolchain-atmelavr/1.70300.191015/toolchain-atmelavr-linux_x86_64-1.70300.191015.tar.gz",
            "hash": "sha256-Zk8LewihXo1jYrh+L9taTc/VlZ68WxnZOOff9vEvBSQ="
          },
          "x86_64-darwin": {
            "url": "https://dl.registry.platformio.org/download/platformio/tool/toolchain-atmelavr/1.70300.191015/toolchain-atmelavr-darwin_x86_64-1.70300.191015.tar.gz",
            "hash": "sha256-ZbvIZjFjRU9nj5WSqnRdLvfjvphlS1kIMAmvVmSKBvI="
          }
        }
      }
    },
    "platforms/atmelavr": {
      "name": "atmelavr",
      "manifest": {
        "type": "platform",
        "version": "5.1.0",
        "spec": {
          "owner": "platformio",
          "name": "atmelavr",
          "id": 8006,
          "requirements": null,
          "uri": null
        },
        "name": "atmelavr"
      },
      "src": {
        "universal": {
          "url": "https://dl.registry.platformio.org/download/platformio/platform/atmelavr/5.1.0/atmelavr-5.1.0.tar.gz",
          "hash": "sha256-0XGSJi0KwN04/98qUTlzkmYtm1K95fc4JWJoYIhLQhk="
        }
      }
    }
  }
}
