{
  "version": "V1",
  "dependencies": [
    {
      "name": "atmelavr",
      "version": "4.0.1",
      "type": "platform",
      "systems": {
        "aarch64-linux": {
          "url": "https://dl.registry.platformio.org/download/platformio/platform/atmelavr/4.0.1/atmelavr-4.0.1.tar.gz",
          "hash": "sha256-8ZQm0jYjZg07sHCDA6tRbeROjBxK+YC+jUlRz9pAADg="
        },
        "aarch64-darwin": {
          "url": "https://dl.registry.platformio.org/download/platformio/platform/atmelavr/4.0.1/atmelavr-4.0.1.tar.gz",
          "hash": "sha256-8ZQm0jYjZg07sHCDA6tRbeROjBxK+YC+jUlRz9pAADg="
        },
        "x86_64-linux": {
          "url": "https://dl.registry.platformio.org/download/platformio/platform/atmelavr/4.0.1/atmelavr-4.0.1.tar.gz",
          "hash": "sha256-8ZQm0jYjZg07sHCDA6tRbeROjBxK+YC+jUlRz9pAADg="
        },
        "x86_64-darwin": {
          "url": "https://dl.registry.platformio.org/download/platformio/platform/atmelavr/4.0.1/atmelavr-4.0.1.tar.gz",
          "hash": "sha256-8ZQm0jYjZg07sHCDA6tRbeROjBxK+YC+jUlRz9pAADg="
        }
      }
    },
    {
      "name": "atmelsam",
      "version": "8.3.0",
      "type": "platform",
      "systems": {
        "aarch64-linux": {
          "url": "https://dl.registry.platformio.org/download/platformio/platform/atmelsam/8.3.0/atmelsam-8.3.0.tar.gz",
          "hash": "sha256-3gT0lvsWj+qdG9N4zPDyWae5D05zsvBGvHdGQK9BqYI="
        },
        "aarch64-darwin": {
          "url": "https://dl.registry.platformio.org/download/platformio/platform/atmelsam/8.3.0/atmelsam-8.3.0.tar.gz",
          "hash": "sha256-3gT0lvsWj+qdG9N4zPDyWae5D05zsvBGvHdGQK9BqYI="
        },
        "x86_64-linux": {
          "url": "https://dl.registry.platformio.org/download/platformio/platform/atmelsam/8.3.0/atmelsam-8.3.0.tar.gz",
          "hash": "sha256-3gT0lvsWj+qdG9N4zPDyWae5D05zsvBGvHdGQK9BqYI="
        },
        "x86_64-darwin": {
          "url": "https://dl.registry.platformio.org/download/platformio/platform/atmelsam/8.3.0/atmelsam-8.3.0.tar.gz",
          "hash": "sha256-3gT0lvsWj+qdG9N4zPDyWae5D05zsvBGvHdGQK9BqYI="
        }
      }
    },
    {
      "name": "framework-arduino-avr",
      "version": "5.2.0",
      "type": "package",
      "systems": {
        "aarch64-linux": {
          "url": "https://dl.registry.platformio.org/download/platformio/tool/framework-arduino-avr/5.2.0/framework-arduino-avr-5.2.0.tar.gz",
          "hash": "sha256-caP+gsutiVwQ2oCsd/guUMdxsR26Iabi+dIbxTr0ARY="
        },
        "aarch64-darwin": {
          "url": "https://dl.registry.platformio.org/download/platformio/tool/framework-arduino-avr/5.2.0/framework-arduino-avr-5.2.0.tar.gz",
          "hash": "sha256-caP+gsutiVwQ2oCsd/guUMdxsR26Iabi+dIbxTr0ARY="
        },
        "x86_64-linux": {
          "url": "https://dl.registry.platformio.org/download/platformio/tool/framework-arduino-avr/5.2.0/framework-arduino-avr-5.2.0.tar.gz",
          "hash": "sha256-caP+gsutiVwQ2oCsd/guUMdxsR26Iabi+dIbxTr0ARY="
        },
        "x86_64-darwin": {
          "url": "https://dl.registry.platformio.org/download/platformio/tool/framework-arduino-avr/5.2.0/framework-arduino-avr-5.2.0.tar.gz",
          "hash": "sha256-caP+gsutiVwQ2oCsd/guUMdxsR26Iabi+dIbxTr0ARY="
        }
      }
    },
    {
      "name": "tool-scons",
      "version": "4.40700.0",
      "type": "package",
      "systems": {
        "aarch64-linux": {
          "url": "https://dl.registry.platformio.org/download/platformio/tool/tool-scons/4.40700.0/tool-scons-4.40700.0.tar.gz",
          "hash": "sha256-AtWAJ9UsR99TNBJ6rb6YZvp+Ega/IZIGb4mx/qIP2VM="
        },
        "aarch64-darwin": {
          "url": "https://dl.registry.platformio.org/download/platformio/tool/tool-scons/4.40700.0/tool-scons-4.40700.0.tar.gz",
          "hash": "sha256-AtWAJ9UsR99TNBJ6rb6YZvp+Ega/IZIGb4mx/qIP2VM="
        },
        "x86_64-linux": {
          "url": "https://dl.registry.platformio.org/download/platformio/tool/tool-scons/4.40700.0/tool-scons-4.40700.0.tar.gz",
          "hash": "sha256-AtWAJ9UsR99TNBJ6rb6YZvp+Ega/IZIGb4mx/qIP2VM="
        },
        "x86_64-darwin": {
          "url": "https://dl.registry.platformio.org/download/platformio/tool/tool-scons/4.40700.0/tool-scons-4.40700.0.tar.gz",
          "hash": "sha256-AtWAJ9UsR99TNBJ6rb6YZvp+Ega/IZIGb4mx/qIP2VM="
        }
      }
    },
    {
      "name": "toolchain-atmelavr",
      "version": "3.70300.220127",
      "type": "package",
      "systems": {
        "aarch64-linux": {
          "url": "https://dl.registry.platformio.org/download/platformio/tool/toolchain-atmelavr/3.70300.220127/toolchain-atmelavr-linux_aarch64-3.70300.220127.tar.gz",
          "hash": "sha256-ZywwommW80lvrc9qvpLMVUJkxxpucXe2WiAuGt8Hi8s="
        },
        "aarch64-darwin": {
          "url": "https://dl.registry.platformio.org/download/platformio/tool/toolchain-atmelavr/3.70300.220127/toolchain-atmelavr-darwin_x86_64-3.70300.220127.tar.gz",
          "hash": "sha256-bunusKmj0NTl0nxsE2CPYDBeqh3+yNDvpxugQmbeVGI="
        },
        "x86_64-linux": {
          "url": "https://dl.registry.platformio.org/download/platformio/tool/toolchain-atmelavr/3.70300.220127/toolchain-atmelavr-linux_x86_64-3.70300.220127.tar.gz",
          "hash": "sha256-OENKcmSfH5JBwII64DMCDCRJw5boZRnC+JEFG5qr4VM="
        },
        "x86_64-darwin": {
          "url": "https://dl.registry.platformio.org/download/platformio/tool/toolchain-atmelavr/3.70300.220127/toolchain-atmelavr-darwin_x86_64-3.70300.220127.tar.gz",
          "hash": "sha256-bunusKmj0NTl0nxsE2CPYDBeqh3+yNDvpxugQmbeVGI="
        }
      }
    }
  ]
}
